// !$*UTF8*$!
{
	archiveVersion = 1;
	classes = {
	};
	objectVersion = 56;
	objects = {

/* Begin PBXBuildFile section */
		507975952ADBBAF700015A2C /* ImageLoader.swift in Sources */ = {isa = PBXBuildFile; fileRef = 507975942ADBBAF700015A2C /* ImageLoader.swift */; };
		50CBA19A2ADA779F00B6A8F0 /* DateSpecialDetailsUsingNasaApp.swift in Sources */ = {isa = PBXBuildFile; fileRef = 50CBA1992ADA779F00B6A8F0 /* DateSpecialDetailsUsingNasaApp.swift */; };
		50CBA19C2ADA779F00B6A8F0 /* ContentView.swift in Sources */ = {isa = PBXBuildFile; fileRef = 50CBA19B2ADA779F00B6A8F0 /* ContentView.swift */; };
		50CBA19E2ADA77A000B6A8F0 /* Assets.xcassets in Resources */ = {isa = PBXBuildFile; fileRef = 50CBA19D2ADA77A000B6A8F0 /* Assets.xcassets */; };
		50CBA1A22ADA77A000B6A8F0 /* Preview Assets.xcassets in Resources */ = {isa = PBXBuildFile; fileRef = 50CBA1A12ADA77A000B6A8F0 /* Preview Assets.xcassets */; };
		50CBA1A92ADA7AFA00B6A8F0 /* ViewModel.swift in Sources */ = {isa = PBXBuildFile; fileRef = 50CBA1A82ADA7AFA00B6A8F0 /* ViewModel.swift */; };
		50CBA1AB2ADAC06A00B6A8F0 /* URLComponents+init.swift in Sources */ = {isa = PBXBuildFile; fileRef = 50CBA1AA2ADAC06A00B6A8F0 /* URLComponents+init.swift */; };
		50CBA1AD2ADAC08100B6A8F0 /* URLRequest+Builder.swift in Sources */ = {isa = PBXBuildFile; fileRef = 50CBA1AC2ADAC08100B6A8F0 /* URLRequest+Builder.swift */; };
		C4B1204FB01AB56E9073D10C /* Pods_DateSpecialDetailsUsingNasa.framework in Frameworks */ = {isa = PBXBuildFile; fileRef = 012DA7031A4E415D55E94909 /* Pods_DateSpecialDetailsUsingNasa.framework */; };
/* End PBXBuildFile section */

/* Begin PBXFileReference section */
		012DA7031A4E415D55E94909 /* Pods_DateSpecialDetailsUsingNasa.framework */ = {isa = PBXFileReference; explicitFileType = wrapper.framework; includeInIndex = 0; path = Pods_DateSpecialDetailsUsingNasa.framework; sourceTree = BUILT_PRODUCTS_DIR; };
		20FBFB17C7C3EA3539ED81B3 /* Pods-DateSpecialDetailsUsingNasa.release.xcconfig */ = {isa = PBXFileReference; includeInIndex = 1; lastKnownFileType = text.xcconfig; name = "Pods-DateSpecialDetailsUsingNasa.release.xcconfig"; path = "Target Support Files/Pods-DateSpecialDetailsUsingNasa/Pods-DateSpecialDetailsUsingNasa.release.xcconfig"; sourceTree = "<group>"; };
		507975942ADBBAF700015A2C /* ImageLoader.swift */ = {isa = PBXFileReference; lastKnownFileType = sourcecode.swift; path = ImageLoader.swift; sourceTree = "<group>"; };
		50CBA1962ADA779F00B6A8F0 /* DateSpecialDetailsUsingNasa.app */ = {isa = PBXFileReference; explicitFileType = wrapper.application; includeInIndex = 0; path = DateSpecialDetailsUsingNasa.app; sourceTree = BUILT_PRODUCTS_DIR; };
		50CBA1992ADA779F00B6A8F0 /* DateSpecialDetailsUsingNasaApp.swift */ = {isa = PBXFileReference; lastKnownFileType = sourcecode.swift; path = DateSpecialDetailsUsingNasaApp.swift; sourceTree = "<group>"; };
		50CBA19B2ADA779F00B6A8F0 /* ContentView.swift */ = {isa = PBXFileReference; lastKnownFileType = sourcecode.swift; path = ContentView.swift; sourceTree = "<group>"; };
		50CBA19D2ADA77A000B6A8F0 /* Assets.xcassets */ = {isa = PBXFileReference; lastKnownFileType = folder.assetcatalog; path = Assets.xcassets; sourceTree = "<group>"; };
		50CBA19F2ADA77A000B6A8F0 /* DateSpecialDetailsUsingNasa.entitlements */ = {isa = PBXFileReference; lastKnownFileType = text.plist.entitlements; path = DateSpecialDetailsUsingNasa.entitlements; sourceTree = "<group>"; };
		50CBA1A12ADA77A000B6A8F0 /* Preview Assets.xcassets */ = {isa = PBXFileReference; lastKnownFileType = folder.assetcatalog; path = "Preview Assets.xcassets"; sourceTree = "<group>"; };
		50CBA1A82ADA7AFA00B6A8F0 /* ViewModel.swift */ = {isa = PBXFileReference; lastKnownFileType = sourcecode.swift; path = ViewModel.swift; sourceTree = "<group>"; };
		50CBA1AA2ADAC06A00B6A8F0 /* URLComponents+init.swift */ = {isa = PBXFileReference; lastKnownFileType = sourcecode.swift; path = "URLComponents+init.swift"; sourceTree = "<group>"; };
		50CBA1AC2ADAC08100B6A8F0 /* URLRequest+Builder.swift */ = {isa = PBXFileReference; lastKnownFileType = sourcecode.swift; path = "URLRequest+Builder.swift"; sourceTree = "<group>"; };
		AB1978F05EC8AE961F4438B9 /* Pods-DateSpecialDetailsUsingNasa.debug.xcconfig */ = {isa = PBXFileReference; includeInIndex = 1; lastKnownFileType = text.xcconfig; name = "Pods-DateSpecialDetailsUsingNasa.debug.xcconfig"; path = "Target Support Files/Pods-DateSpecialDetailsUsingNasa/Pods-DateSpecialDetailsUsingNasa.debug.xcconfig"; sourceTree = "<group>"; };
/* End PBXFileReference section */

/* Begin PBXFrameworksBuildPhase section */
		50CBA1932ADA779F00B6A8F0 /* Frameworks */ = {
			isa = PBXFrameworksBuildPhase;
			buildActionMask = 2147483647;
			files = (
				C4B1204FB01AB56E9073D10C /* Pods_DateSpecialDetailsUsingNasa.framework in Frameworks */,
			);
			runOnlyForDeploymentPostprocessing = 0;
		};
/* End PBXFrameworksBuildPhase section */

/* Begin PBXGroup section */
		2B3E12999A30F6FF4762545A /* Frameworks */ = {
			isa = PBXGroup;
			children = (
				012DA7031A4E415D55E94909 /* Pods_DateSpecialDetailsUsingNasa.framework */,
			);
			name = Frameworks;
			sourceTree = "<group>";
		};
		50CBA18D2ADA779F00B6A8F0 = {
			isa = PBXGroup;
			children = (
				50CBA1982ADA779F00B6A8F0 /* DateSpecialDetailsUsingNasa */,
				50CBA1972ADA779F00B6A8F0 /* Products */,
				7C4064CF9204C3B7F9735D67 /* Pods */,
				2B3E12999A30F6FF4762545A /* Frameworks */,
			);
			sourceTree = "<group>";
		};
		50CBA1972ADA779F00B6A8F0 /* Products */ = {
			isa = PBXGroup;
			children = (
				50CBA1962ADA779F00B6A8F0 /* DateSpecialDetailsUsingNasa.app */,
			);
			name = Products;
			sourceTree = "<group>";
		};
		50CBA1982ADA779F00B6A8F0 /* DateSpecialDetailsUsingNasa */ = {
			isa = PBXGroup;
			children = (
				50CBA1992ADA779F00B6A8F0 /* DateSpecialDetailsUsingNasaApp.swift */,
				50CBA19B2ADA779F00B6A8F0 /* ContentView.swift */,
				50CBA1A82ADA7AFA00B6A8F0 /* ViewModel.swift */,
				50CBA1AA2ADAC06A00B6A8F0 /* URLComponents+init.swift */,
				50CBA1AC2ADAC08100B6A8F0 /* URLRequest+Builder.swift */,
				507975942ADBBAF700015A2C /* ImageLoader.swift */,
				50CBA19D2ADA77A000B6A8F0 /* Assets.xcassets */,
				50CBA19F2ADA77A000B6A8F0 /* DateSpecialDetailsUsingNasa.entitlements */,
				50CBA1A02ADA77A000B6A8F0 /* Preview Content */,
			);
			path = DateSpecialDetailsUsingNasa;
			sourceTree = "<group>";
		};
		50CBA1A02ADA77A000B6A8F0 /* Preview Content */ = {
			isa = PBXGroup;
			children = (
				50CBA1A12ADA77A000B6A8F0 /* Preview Assets.xcassets */,
			);
			path = "Preview Content";
			sourceTree = "<group>";
		};
		7C4064CF9204C3B7F9735D67 /* Pods */ = {
			isa = PBXGroup;
			children = (
				AB1978F05EC8AE961F4438B9 /* Pods-DateSpecialDetailsUsingNasa.debug.xcconfig */,
				20FBFB17C7C3EA3539ED81B3 /* Pods-DateSpecialDetailsUsingNasa.release.xcconfig */,
			);
			path = Pods;
			sourceTree = "<group>";
		};
/* End PBXGroup section */

/* Begin PBXNativeTarget section */
		50CBA1952ADA779F00B6A8F0 /* DateSpecialDetailsUsingNasa */ = {
			isa = PBXNativeTarget;
			buildConfigurationList = 50CBA1A52ADA77A000B6A8F0 /* Build configuration list for PBXNativeTarget "DateSpecialDetailsUsingNasa" */;
			buildPhases = (
				C01B20ABCE374734B80E0943 /* [CP] Check Pods Manifest.lock */,
				50CBA1922ADA779F00B6A8F0 /* Sources */,
				50CBA1932ADA779F00B6A8F0 /* Frameworks */,
				50CBA1942ADA779F00B6A8F0 /* Resources */,
				BDE7248A6BC78A7FB4A5637F /* [CP] Embed Pods Frameworks */,
			);
			buildRules = (
			);
			dependencies = (
			);
			name = DateSpecialDetailsUsingNasa;
			productName = DateSpecialDetailsUsingNasa;
			productReference = 50CBA1962ADA779F00B6A8F0 /* DateSpecialDetailsUsingNasa.app */;
			productType = "com.apple.product-type.application";
		};
/* End PBXNativeTarget section */

/* Begin PBXProject section */
		50CBA18E2ADA779F00B6A8F0 /* Project object */ = {
			isa = PBXProject;
			attributes = {
				BuildIndependentTargetsInParallel = 1;
				LastSwiftUpdateCheck = 1500;
				LastUpgradeCheck = 1500;
				TargetAttributes = {
					50CBA1952ADA779F00B6A8F0 = {
						CreatedOnToolsVersion = 15.0;
					};
				};
			};
			buildConfigurationList = 50CBA1912ADA779F00B6A8F0 /* Build configuration list for PBXProject "DateSpecialDetailsUsingNasa" */;
			compatibilityVersion = "Xcode 14.0";
			developmentRegion = en;
			hasScannedForEncodings = 0;
			knownRegions = (
				en,
				Base,
			);
			mainGroup = 50CBA18D2ADA779F00B6A8F0;
			productRefGroup = 50CBA1972ADA779F00B6A8F0 /* Products */;
			projectDirPath = "";
			projectRoot = "";
			targets = (
				50CBA1952ADA779F00B6A8F0 /* DateSpecialDetailsUsingNasa */,
			);
		};
/* End PBXProject section */

/* Begin PBXResourcesBuildPhase section */
		50CBA1942ADA779F00B6A8F0 /* Resources */ = {
			isa = PBXResourcesBuildPhase;
			buildActionMask = 2147483647;
			files = (
				50CBA1A22ADA77A000B6A8F0 /* Preview Assets.xcassets in Resources */,
				50CBA19E2ADA77A000B6A8F0 /* Assets.xcassets in Resources */,
			);
			runOnlyForDeploymentPostprocessing = 0;
		};
/* End PBXResourcesBuildPhase section */

/* Begin PBXShellScriptBuildPhase section */
		BDE7248A6BC78A7FB4A5637F /* [CP] Embed Pods Frameworks */ = {
			isa = PBXShellScriptBuildPhase;
			buildActionMask = 2147483647;
			files = (
			);
			inputFileListPaths = (
				"${PODS_ROOT}/Target Support Files/Pods-DateSpecialDetailsUsingNasa/Pods-DateSpecialDetailsUsingNasa-frameworks-${CONFIGURATION}-input-files.xcfilelist",
			);
			name = "[CP] Embed Pods Frameworks";
			outputFileListPaths = (
				"${PODS_ROOT}/Target Support Files/Pods-DateSpecialDetailsUsingNasa/Pods-DateSpecialDetailsUsingNasa-frameworks-${CONFIGURATION}-output-files.xcfilelist",
			);
			runOnlyForDeploymentPostprocessing = 0;
			shellPath = /bin/sh;
			shellScript = "\"${PODS_ROOT}/Target Support Files/Pods-DateSpecialDetailsUsingNasa/Pods-DateSpecialDetailsUsingNasa-frameworks.sh\"\n";
			showEnvVarsInLog = 0;
		};
		C01B20ABCE374734B80E0943 /* [CP] Check Pods Manifest.lock */ = {
			isa = PBXShellScriptBuildPhase;
			buildActionMask = 2147483647;
			files = (
			);
			inputFileListPaths = (
			);
			inputPaths = (
				"${PODS_PODFILE_DIR_PATH}/Podfile.lock",
				"${PODS_ROOT}/Manifest.lock",
			);
			name = "[CP] Check Pods Manifest.lock";
			outputFileListPaths = (
			);
			outputPaths = (
				"$(DERIVED_FILE_DIR)/Pods-DateSpecialDetailsUsingNasa-checkManifestLockResult.txt",
			);
			runOnlyForDeploymentPostprocessing = 0;
			shellPath = /bin/sh;
			shellScript = "diff \"${PODS_PODFILE_DIR_PATH}/Podfile.lock\" \"${PODS_ROOT}/Manifest.lock\" > /dev/null\nif [ $? != 0 ] ; then\n    # print error to STDERR\n    echo \"error: The sandbox is not in sync with the Podfile.lock. Run 'pod install' or update your CocoaPods installation.\" >&2\n    exit 1\nfi\n# This output is used by Xcode 'outputs' to avoid re-running this script phase.\necho \"SUCCESS\" > \"${SCRIPT_OUTPUT_FILE_0}\"\n";
			showEnvVarsInLog = 0;
		};
/* End PBXShellScriptBuildPhase section */

/* Begin PBXSourcesBuildPhase section */
		50CBA1922ADA779F00B6A8F0 /* Sources */ = {
			isa = PBXSourcesBuildPhase;
			buildActionMask = 2147483647;
			files = (
				507975952ADBBAF700015A2C /* ImageLoader.swift in Sources */,
				50CBA19C2ADA779F00B6A8F0 /* ContentView.swift in Sources */,
				50CBA1A92ADA7AFA00B6A8F0 /* ViewModel.swift in Sources */,
				50CBA19A2ADA779F00B6A8F0 /* DateSpecialDetailsUsingNasaApp.swift in Sources */,
				50CBA1AD2ADAC08100B6A8F0 /* URLRequest+Builder.swift in Sources */,
				50CBA1AB2ADAC06A00B6A8F0 /* URLComponents+init.swift in Sources */,
			);
			runOnlyForDeploymentPostprocessing = 0;
		};
/* End PBXSourcesBuildPhase section */

/* Begin XCBuildConfiguration section */
		50CBA1A32ADA77A000B6A8F0 /* Debug */ = {
			isa = XCBuildConfiguration;
			buildSettings = {
				ALWAYS_SEARCH_USER_PATHS = NO;
				ASSETCATALOG_COMPILER_GENERATE_SWIFT_ASSET_SYMBOL_EXTENSIONS = YES;
				CLANG_ANALYZER_NONNULL = YES;
				CLANG_ANALYZER_NUMBER_OBJECT_CONVERSION = YES_AGGRESSIVE;
				CLANG_CXX_LANGUAGE_STANDARD = "gnu++20";
				CLANG_ENABLE_MODULES = YES;
				CLANG_ENABLE_OBJC_ARC = YES;
				CLANG_ENABLE_OBJC_WEAK = YES;
				CLANG_WARN_BLOCK_CAPTURE_AUTORELEASING = YES;
				CLANG_WARN_BOOL_CONVERSION = YES;
				CLANG_WARN_COMMA = YES;
				CLANG_WARN_CONSTANT_CONVERSION = YES;
				CLANG_WARN_DEPRECATED_OBJC_IMPLEMENTATIONS = YES;
				CLANG_WARN_DIRECT_OBJC_ISA_USAGE = YES_ERROR;
				CLANG_WARN_DOCUMENTATION_COMMENTS = YES;
				CLANG_WARN_EMPTY_BODY = YES;
				CLANG_WARN_ENUM_CONVERSION = YES;
				CLANG_WARN_INFINITE_RECURSION = YES;
				CLANG_WARN_INT_CONVERSION = YES;
				CLANG_WARN_NON_LITERAL_NULL_CONVERSION = YES;
				CLANG_WARN_OBJC_IMPLICIT_RETAIN_SELF = YES;
				CLANG_WARN_OBJC_LITERAL_CONVERSION = YES;
				CLANG_WARN_OBJC_ROOT_CLASS = YES_ERROR;
				CLANG_WARN_QUOTED_INCLUDE_IN_FRAMEWORK_HEADER = YES;
				CLANG_WARN_RANGE_LOOP_ANALYSIS = YES;
				CLANG_WARN_STRICT_PROTOTYPES = YES;
				CLANG_WARN_SUSPICIOUS_MOVE = YES;
				CLANG_WARN_UNGUARDED_AVAILABILITY = YES_AGGRESSIVE;
				CLANG_WARN_UNREACHABLE_CODE = YES;
				CLANG_WARN__DUPLICATE_METHOD_MATCH = YES;
				COPY_PHASE_STRIP = NO;
				DEBUG_INFORMATION_FORMAT = dwarf;
				ENABLE_STRICT_OBJC_MSGSEND = YES;
				ENABLE_TESTABILITY = YES;
				ENABLE_USER_SCRIPT_SANDBOXING = YES;
				GCC_C_LANGUAGE_STANDARD = gnu17;
				GCC_DYNAMIC_NO_PIC = NO;
				GCC_NO_COMMON_BLOCKS = YES;
				GCC_OPTIMIZATION_LEVEL = 0;
				GCC_PREPROCESSOR_DEFINITIONS = (
					"DEBUG=1",
					"$(inherited)",
				);
				GCC_WARN_64_TO_32_BIT_CONVERSION = YES;
				GCC_WARN_ABOUT_RETURN_TYPE = YES_ERROR;
				GCC_WARN_UNDECLARED_SELECTOR = YES;
				GCC_WARN_UNINITIALIZED_AUTOS = YES_AGGRESSIVE;
				GCC_WARN_UNUSED_FUNCTION = YES;
				GCC_WARN_UNUSED_VARIABLE = YES;
				LOCALIZATION_PREFERS_STRING_CATALOGS = YES;
				MTL_ENABLE_DEBUG_INFO = INCLUDE_SOURCE;
				MTL_FAST_MATH = YES;
				ONLY_ACTIVE_ARCH = YES;
				SWIFT_ACTIVE_COMPILATION_CONDITIONS = "DEBUG $(inherited)";
				SWIFT_OPTIMIZATION_LEVEL = "-Onone";
			};
			name = Debug;
		};
		50CBA1A42ADA77A000B6A8F0 /* Release */ = {
			isa = XCBuildConfiguration;
			buildSettings = {
				ALWAYS_SEARCH_USER_PATHS = NO;
				ASSETCATALOG_COMPILER_GENERATE_SWIFT_ASSET_SYMBOL_EXTENSIONS = YES;
				CLANG_ANALYZER_NONNULL = YES;
				CLANG_ANALYZER_NUMBER_OBJECT_CONVERSION = YES_AGGRESSIVE;
				CLANG_CXX_LANGUAGE_STANDARD = "gnu++20";
				CLANG_ENABLE_MODULES = YES;
				CLANG_ENABLE_OBJC_ARC = YES;
				CLANG_ENABLE_OBJC_WEAK = YES;
				CLANG_WARN_BLOCK_CAPTURE_AUTORELEASING = YES;
				CLANG_WARN_BOOL_CONVERSION = YES;
				CLANG_WARN_COMMA = YES;
				CLANG_WARN_CONSTANT_CONVERSION = YES;
				CLANG_WARN_DEPRECATED_OBJC_IMPLEMENTATIONS = YES;
				CLANG_WARN_DIRECT_OBJC_ISA_USAGE = YES_ERROR;
				CLANG_WARN_DOCUMENTATION_COMMENTS = YES;
				CLANG_WARN_EMPTY_BODY = YES;
				CLANG_WARN_ENUM_CONVERSION = YES;
				CLANG_WARN_INFINITE_RECURSION = YES;
				CLANG_WARN_INT_CONVERSION = YES;
				CLANG_WARN_NON_LITERAL_NULL_CONVERSION = YES;
				CLANG_WARN_OBJC_IMPLICIT_RETAIN_SELF = YES;
				CLANG_WARN_OBJC_LITERAL_CONVERSION = YES;
				CLANG_WARN_OBJC_ROOT_CLASS = YES_ERROR;
				CLANG_WARN_QUOTED_INCLUDE_IN_FRAMEWORK_HEADER = YES;
				CLANG_WARN_RANGE_LOOP_ANALYSIS = YES;
				CLANG_WARN_STRICT_PROTOTYPES = YES;
				CLANG_WARN_SUSPICIOUS_MOVE = YES;
				CLANG_WARN_UNGUARDED_AVAILABILITY = YES_AGGRESSIVE;
				CLANG_WARN_UNREACHABLE_CODE = YES;
				CLANG_WARN__DUPLICATE_METHOD_MATCH = YES;
				COPY_PHASE_STRIP = NO;
				DEBUG_INFORMATION_FORMAT = "dwarf-with-dsym";
				ENABLE_NS_ASSERTIONS = NO;
				ENABLE_STRICT_OBJC_MSGSEND = YES;
				ENABLE_USER_SCRIPT_SANDBOXING = YES;
				GCC_C_LANGUAGE_STANDARD = gnu17;
				GCC_NO_COMMON_BLOCKS = YES;
				GCC_WARN_64_TO_32_BIT_CONVERSION = YES;
				GCC_WARN_ABOUT_RETURN_TYPE = YES_ERROR;
				GCC_WARN_UNDECLARED_SELECTOR = YES;
				GCC_WARN_UNINITIALIZED_AUTOS = YES_AGGRESSIVE;
				GCC_WARN_UNUSED_FUNCTION = YES;
				GCC_WARN_UNUSED_VARIABLE = YES;
				LOCALIZATION_PREFERS_STRING_CATALOGS = YES;
				MTL_ENABLE_DEBUG_INFO = NO;
				MTL_FAST_MATH = YES;
				SWIFT_COMPILATION_MODE = wholemodule;
			};
			name = Release;
		};
		50CBA1A62ADA77A000B6A8F0 /* Debug */ = {
			isa = XCBuildConfiguration;
			baseConfigurationReference = AB1978F05EC8AE961F4438B9 /* Pods-DateSpecialDetailsUsingNasa.debug.xcconfig */;
			buildSettings = {
				ASSETCATALOG_COMPILER_APPICON_NAME = AppIcon;
				ASSETCATALOG_COMPILER_GLOBAL_ACCENT_COLOR_NAME = AccentColor;
				CODE_SIGN_ENTITLEMENTS = DateSpecialDetailsUsingNasa/DateSpecialDetailsUsingNasa.entitlements;
				CODE_SIGN_STYLE = Automatic;
				CURRENT_PROJECT_VERSION = 1;
				DEVELOPMENT_ASSET_PATHS = "\"DateSpecialDetailsUsingNasa/Preview Content\"";
				ENABLE_PREVIEWS = YES;
				ENABLE_USER_SCRIPT_SANDBOXING = NO;
				GENERATE_INFOPLIST_FILE = YES;
				"INFOPLIST_KEY_UIApplicationSceneManifest_Generation[sdk=iphoneos*]" = YES;
				"INFOPLIST_KEY_UIApplicationSceneManifest_Generation[sdk=iphonesimulator*]" = YES;
				"INFOPLIST_KEY_UIApplicationSupportsIndirectInputEvents[sdk=iphoneos*]" = YES;
				"INFOPLIST_KEY_UIApplicationSupportsIndirectInputEvents[sdk=iphonesimulator*]" = YES;
				"INFOPLIST_KEY_UILaunchScreen_Generation[sdk=iphoneos*]" = YES;
				"INFOPLIST_KEY_UILaunchScreen_Generation[sdk=iphonesimulator*]" = YES;
				"INFOPLIST_KEY_UIStatusBarStyle[sdk=iphoneos*]" = UIStatusBarStyleDefault;
				"INFOPLIST_KEY_UIStatusBarStyle[sdk=iphonesimulator*]" = UIStatusBarStyleDefault;
				INFOPLIST_KEY_UISupportedInterfaceOrientations_iPad = "UIInterfaceOrientationPortrait UIInterfaceOrientationPortraitUpsideDown UIInterfaceOrientationLandscapeLeft UIInterfaceOrientationLandscapeRight";
				INFOPLIST_KEY_UISupportedInterfaceOrientations_iPhone = "UIInterfaceOrientationPortrait UIInterfaceOrientationLandscapeLeft UIInterfaceOrientationLandscapeRight";
				IPHONEOS_DEPLOYMENT_TARGET = 17.0;
				LD_RUNPATH_SEARCH_PATHS = "@executable_path/Frameworks";
				"LD_RUNPATH_SEARCH_PATHS[sdk=macosx*]" = "@executable_path/../Frameworks";
				MACOSX_DEPLOYMENT_TARGET = 13.5;
				MARKETING_VERSION = 1.0;
				PRODUCT_BUNDLE_IDENTIFIER = onkarverule.DateSpecialDetailsUsingNasa;
				PRODUCT_NAME = "$(TARGET_NAME)";
				SDKROOT = auto;
				SUPPORTED_PLATFORMS = "iphoneos iphonesimulator macosx";
				SWIFT_EMIT_LOC_STRINGS = YES;
				SWIFT_VERSION = 5.0;
				TARGETED_DEVICE_FAMILY = "1,2";
			};
			name = Debug;
		};
		50CBA1A72ADA77A000B6A8F0 /* Release */ = {
			isa = XCBuildConfiguration;
			baseConfigurationReference = 20FBFB17C7C3EA3539ED81B3 /* Pods-DateSpecialDetailsUsingNasa.release.xcconfig */;
			buildSettings = {
				ASSETCATALOG_COMPILER_APPICON_NAME = AppIcon;
				ASSETCATALOG_COMPILER_GLOBAL_ACCENT_COLOR_NAME = AccentColor;
				CODE_SIGN_ENTITLEMENTS = DateSpecialDetailsUsingNasa/DateSpecialDetailsUsingNasa.entitlements;
				CODE_SIGN_STYLE = Automatic;
				CURRENT_PROJECT_VERSION = 1;
				DEVELOPMENT_ASSET_PATHS = "\"DateSpecialDetailsUsingNasa/Preview Content\"";
				ENABLE_PREVIEWS = YES;
				ENABLE_USER_SCRIPT_SANDBOXING = NO;
				GENERATE_INFOPLIST_FILE = YES;
				"INFOPLIST_KEY_UIApplicationSceneManifest_Generation[sdk=iphoneos*]" = YES;
				"INFOPLIST_KEY_UIApplicationSceneManifest_Generation[sdk=iphonesimulator*]" = YES;
				"INFOPLIST_KEY_UIApplicationSupportsIndirectInputEvents[sdk=iphoneos*]" = YES;
				"INFOPLIST_KEY_UIApplicationSupportsIndirectInputEvents[sdk=iphonesimulator*]" = YES;
				"INFOPLIST_KEY_UILaunchScreen_Generation[sdk=iphoneos*]" = YES;
				"INFOPLIST_KEY_UILaunchScreen_Generation[sdk=iphonesimulator*]" = YES;
				"INFOPLIST_KEY_UIStatusBarStyle[sdk=iphoneos*]" = UIStatusBarStyleDefault;
				"INFOPLIST_KEY_UIStatusBarStyle[sdk=iphonesimulator*]" = UIStatusBarStyleDefault;
				INFOPLIST_KEY_UISupportedInterfaceOrientations_iPad = "UIInterfaceOrientationPortrait UIInterfaceOrientationPortraitUpsideDown UIInterfaceOrientationLandscapeLeft UIInterfaceOrientationLandscapeRight";
				INFOPLIST_KEY_UISupportedInterfaceOrientations_iPhone = "UIInterfaceOrientationPortrait UIInterfaceOrientationLandscapeLeft UIInterfaceOrientationLandscapeRight";
				IPHONEOS_DEPLOYMENT_TARGET = 17.0;
				LD_RUNPATH_SEARCH_PATHS = "@executable_path/Frameworks";
				"LD_RUNPATH_SEARCH_PATHS[sdk=macosx*]" = "@executable_path/../Frameworks";
				MACOSX_DEPLOYMENT_TARGET = 13.5;
				MARKETING_VERSION = 1.0;
				PRODUCT_BUNDLE_IDENTIFIER = onkarverule.DateSpecialDetailsUsingNasa;
				PRODUCT_NAME = "$(TARGET_NAME)";
				SDKROOT = auto;
				SUPPORTED_PLATFORMS = "iphoneos iphonesimulator macosx";
				SWIFT_EMIT_LOC_STRINGS = YES;
				SWIFT_VERSION = 5.0;
				TARGETED_DEVICE_FAMILY = "1,2";
			};
			name = Release;
		};
/* End XCBuildConfiguration section */

/* Begin XCConfigurationList section */
		50CBA1912ADA779F00B6A8F0 /* Build configuration list for PBXProject "DateSpecialDetailsUsingNasa" */ = {
			isa = XCConfigurationList;
			buildConfigurations = (
				50CBA1A32ADA77A000B6A8F0 /* Debug */,
				50CBA1A42ADA77A000B6A8F0 /* Release */,
			);
			defaultConfigurationIsVisible = 0;
			defaultConfigurationName = Release;
		};
		50CBA1A52ADA77A000B6A8F0 /* Build configuration list for PBXNativeTarget "DateSpecialDetailsUsingNasa" */ = {
			isa = XCConfigurationList;
			buildConfigurations = (
				50CBA1A62ADA77A000B6A8F0 /* Debug */,
				50CBA1A72ADA77A000B6A8F0 /* Release */,
			);
			defaultConfigurationIsVisible = 0;
			defaultConfigurationName = Release;
		};
/* End XCConfigurationList section */
	};
	rootObject = 50CBA18E2ADA779F00B6A8F0 /* Project object */;
}
